
Microsoft Visual Studio Solution File, Format Version 12.00
# Visual Studio Version 16
VisualStudioVersion = 16.0.30611.23
MinimumVisualStudioVersion = 10.0.40219.1
Project("{FAE04EC0-301F-11D3-BF4B-00C04F79EFBC}") = "Grafic", "Grafic.csproj", "{0D22C4DD-4615-49A6-A7EF-37033E2B2F7F}"
EndProject
Global
	GlobalSection(SolutionConfigurationPlatforms) = preSolution
		Debug|Any CPU = Debug|Any CPU
		Release|Any CPU = Release|Any CPU
	EndGlobalSection
	GlobalSection(ProjectConfigurationPlatforms) = postSolution
		{0D22C4DD-4615-49A6-A7EF-37033E2B2F7F}.Debug|Any CPU.ActiveCfg = Debug|Any CPU
		{0D22C4DD-4615-49A6-A7EF-37033E2B2F7F}.Debug|Any CPU.Build.0 = Debug|Any CPU
		{0D22C4DD-4615-49A6-A7EF-37033E2B2F7F}.Release|Any CPU.ActiveCfg = Release|Any CPU
		{0D22C4DD-4615-49A6-A7EF-37033E2B2F7F}.Release|Any CPU.Build.0 = Release|Any CPU
	EndGlobalSection
	GlobalSection(SolutionProperties) = preSolution
		HideSolutionNode = FALSE
	EndGlobalSection
	GlobalSection(ExtensibilityGlobals) = postSolution
		SolutionGuid = {EEEE00BA-0EE8-4988-880A-0961059F8A31}
	EndGlobalSection
EndGlobal
