
Microsoft Visual Studio Solution File, Format Version 12.00
# Visual Studio Version 16
VisualStudioVersion = 16.0.30611.23
MinimumVisualStudioVersion = 10.0.40219.1
Project("{FAE04EC0-301F-11D3-BF4B-00C04F79EFBC}") = "Label", "Label.csproj", "{B994B17E-F59D-4CF0-9C2B-F0D8D81ACD8D}"
EndProject
Global
	GlobalSection(SolutionConfigurationPlatforms) = preSolution
		Debug|Any CPU = Debug|Any CPU
		Release|Any CPU = Release|Any CPU
	EndGlobalSection
	GlobalSection(ProjectConfigurationPlatforms) = postSolution
		{B994B17E-F59D-4CF0-9C2B-F0D8D81ACD8D}.Debug|Any CPU.ActiveCfg = Debug|Any CPU
		{B994B17E-F59D-4CF0-9C2B-F0D8D81ACD8D}.Debug|Any CPU.Build.0 = Debug|Any CPU
		{B994B17E-F59D-4CF0-9C2B-F0D8D81ACD8D}.Release|Any CPU.ActiveCfg = Release|Any CPU
		{B994B17E-F59D-4CF0-9C2B-F0D8D81ACD8D}.Release|Any CPU.Build.0 = Release|Any CPU
	EndGlobalSection
	GlobalSection(SolutionProperties) = preSolution
		HideSolutionNode = FALSE
	EndGlobalSection
	GlobalSection(ExtensibilityGlobals) = postSolution
		SolutionGuid = {11CA1B1B-3C7D-49F5-8DCF-B2671494AC80}
	EndGlobalSection
EndGlobal
