
Microsoft Visual Studio Solution File, Format Version 12.00
# Visual Studio Version 16
VisualStudioVersion = 16.0.30611.23
MinimumVisualStudioVersion = 10.0.40219.1
Project("{FAE04EC0-301F-11D3-BF4B-00C04F79EFBC}") = "RadioButtons2", "RadioButtons2.csproj", "{8E12033D-B263-47BD-96A9-D82EC2995A3B}"
EndProject
Global
	GlobalSection(SolutionConfigurationPlatforms) = preSolution
		Debug|Any CPU = Debug|Any CPU
		Release|Any CPU = Release|Any CPU
	EndGlobalSection
	GlobalSection(ProjectConfigurationPlatforms) = postSolution
		{8E12033D-B263-47BD-96A9-D82EC2995A3B}.Debug|Any CPU.ActiveCfg = Debug|Any CPU
		{8E12033D-B263-47BD-96A9-D82EC2995A3B}.Debug|Any CPU.Build.0 = Debug|Any CPU
		{8E12033D-B263-47BD-96A9-D82EC2995A3B}.Release|Any CPU.ActiveCfg = Release|Any CPU
		{8E12033D-B263-47BD-96A9-D82EC2995A3B}.Release|Any CPU.Build.0 = Release|Any CPU
	EndGlobalSection
	GlobalSection(SolutionProperties) = preSolution
		HideSolutionNode = FALSE
	EndGlobalSection
	GlobalSection(ExtensibilityGlobals) = postSolution
		SolutionGuid = {5922B70B-68C7-4851-9F28-0B122ECC9DC8}
	EndGlobalSection
EndGlobal
