
Microsoft Visual Studio Solution File, Format Version 12.00
# Visual Studio Version 16
VisualStudioVersion = 16.0.30611.23
MinimumVisualStudioVersion = 10.0.40219.1
Project("{FAE04EC0-301F-11D3-BF4B-00C04F79EFBC}") = "PasswordBox", "PasswordBox.csproj", "{3423ACFA-E546-44D2-B206-157DC4A0F8E6}"
EndProject
Global
	GlobalSection(SolutionConfigurationPlatforms) = preSolution
		Debug|Any CPU = Debug|Any CPU
		Release|Any CPU = Release|Any CPU
	EndGlobalSection
	GlobalSection(ProjectConfigurationPlatforms) = postSolution
		{3423ACFA-E546-44D2-B206-157DC4A0F8E6}.Debug|Any CPU.ActiveCfg = Debug|Any CPU
		{3423ACFA-E546-44D2-B206-157DC4A0F8E6}.Debug|Any CPU.Build.0 = Debug|Any CPU
		{3423ACFA-E546-44D2-B206-157DC4A0F8E6}.Release|Any CPU.ActiveCfg = Release|Any CPU
		{3423ACFA-E546-44D2-B206-157DC4A0F8E6}.Release|Any CPU.Build.0 = Release|Any CPU
	EndGlobalSection
	GlobalSection(SolutionProperties) = preSolution
		HideSolutionNode = FALSE
	EndGlobalSection
	GlobalSection(ExtensibilityGlobals) = postSolution
		SolutionGuid = {E2DEFF99-9920-4AE4-B664-16C7E9FE8F20}
	EndGlobalSection
EndGlobal
